
Microsoft Visual Studio Solution File, Format Version 12.00
# Visual Studio Version 17
VisualStudioVersion = 17.9.34622.214
MinimumVisualStudioVersion = 10.0.40219.1
Project("{FAE04EC0-301F-11D3-BF4B-00C04F79EFBC}") = "Solid", "Solid\Solid.csproj", "{1285BE30-5EDE-4ADA-A4BF-8DA58E7567A0}"
EndProject
Global
	GlobalSection(SolutionConfigurationPlatforms) = preSolution
		Debug|Any CPU = Debug|Any CPU
		Release|Any CPU = Release|Any CPU
	EndGlobalSection
	GlobalSection(ProjectConfigurationPlatforms) = postSolution
		{1285BE30-5EDE-4ADA-A4BF-8DA58E7567A0}.Debug|Any CPU.ActiveCfg = Debug|Any CPU
		{1285BE30-5EDE-4ADA-A4BF-8DA58E7567A0}.Debug|Any CPU.Build.0 = Debug|Any CPU
		{1285BE30-5EDE-4ADA-A4BF-8DA58E7567A0}.Release|Any CPU.ActiveCfg = Release|Any CPU
		{1285BE30-5EDE-4ADA-A4BF-8DA58E7567A0}.Release|Any CPU.Build.0 = Release|Any CPU
	EndGlobalSection
	GlobalSection(SolutionProperties) = preSolution
		HideSolutionNode = FALSE
	EndGlobalSection
	GlobalSection(ExtensibilityGlobals) = postSolution
		SolutionGuid = {8B7FBA9A-0D12-42CE-81B3-BBEC6C5F18EF}
	EndGlobalSection
EndGlobal
