
Microsoft Visual Studio Solution File, Format Version 12.00
# Visual Studio Version 16
VisualStudioVersion = 16.0.32228.343
MinimumVisualStudioVersion = 10.0.40219.1
Project("{FAE04EC0-301F-11D3-BF4B-00C04F79EFBC}") = "classes", "classes\classes.csproj", "{18E53011-952A-4675-A12E-96A6C7F0664F}"
EndProject
Global
	GlobalSection(SolutionConfigurationPlatforms) = preSolution
		Debug|Any CPU = Debug|Any CPU
		Release|Any CPU = Release|Any CPU
	EndGlobalSection
	GlobalSection(ProjectConfigurationPlatforms) = postSolution
		{18E53011-952A-4675-A12E-96A6C7F0664F}.Debug|Any CPU.ActiveCfg = Debug|Any CPU
		{18E53011-952A-4675-A12E-96A6C7F0664F}.Debug|Any CPU.Build.0 = Debug|Any CPU
		{18E53011-952A-4675-A12E-96A6C7F0664F}.Release|Any CPU.ActiveCfg = Release|Any CPU
		{18E53011-952A-4675-A12E-96A6C7F0664F}.Release|Any CPU.Build.0 = Release|Any CPU
	EndGlobalSection
	GlobalSection(SolutionProperties) = preSolution
		HideSolutionNode = FALSE
	EndGlobalSection
	GlobalSection(ExtensibilityGlobals) = postSolution
		SolutionGuid = {D9799712-0B74-425D-85C0-4E44AFA3A43E}
	EndGlobalSection
EndGlobal
