
Microsoft Visual Studio Solution File, Format Version 12.00
# Visual Studio Version 16
VisualStudioVersion = 16.0.32228.343
MinimumVisualStudioVersion = 10.0.40219.1
Project("{FAE04EC0-301F-11D3-BF4B-00C04F79EFBC}") = "student", "student\student.csproj", "{A81F74EE-43BC-4B56-B6BE-FFFDBD181932}"
EndProject
Global
	GlobalSection(SolutionConfigurationPlatforms) = preSolution
		Debug|Any CPU = Debug|Any CPU
		Release|Any CPU = Release|Any CPU
	EndGlobalSection
	GlobalSection(ProjectConfigurationPlatforms) = postSolution
		{A81F74EE-43BC-4B56-B6BE-FFFDBD181932}.Debug|Any CPU.ActiveCfg = Debug|Any CPU
		{A81F74EE-43BC-4B56-B6BE-FFFDBD181932}.Debug|Any CPU.Build.0 = Debug|Any CPU
		{A81F74EE-43BC-4B56-B6BE-FFFDBD181932}.Release|Any CPU.ActiveCfg = Release|Any CPU
		{A81F74EE-43BC-4B56-B6BE-FFFDBD181932}.Release|Any CPU.Build.0 = Release|Any CPU
	EndGlobalSection
	GlobalSection(SolutionProperties) = preSolution
		HideSolutionNode = FALSE
	EndGlobalSection
	GlobalSection(ExtensibilityGlobals) = postSolution
		SolutionGuid = {FF3B1752-28FB-46EC-9EA7-4196EAF001E2}
	EndGlobalSection
EndGlobal
