
Microsoft Visual Studio Solution File, Format Version 12.00
# Visual Studio Version 17
VisualStudioVersion = 17.7.34024.191
MinimumVisualStudioVersion = 10.0.40219.1
Project("{FAE04EC0-301F-11D3-BF4B-00C04F79EFBC}") = "Vidly", "Vidly\Vidly.csproj", "{CEEBD82D-F27E-4389-8A96-3086290A1C4F}"
EndProject
Global
	GlobalSection(SolutionConfigurationPlatforms) = preSolution
		Debug|Any CPU = Debug|Any CPU
		Release|Any CPU = Release|Any CPU
	EndGlobalSection
	GlobalSection(ProjectConfigurationPlatforms) = postSolution
		{CEEBD82D-F27E-4389-8A96-3086290A1C4F}.Debug|Any CPU.ActiveCfg = Debug|Any CPU
		{CEEBD82D-F27E-4389-8A96-3086290A1C4F}.Debug|Any CPU.Build.0 = Debug|Any CPU
		{CEEBD82D-F27E-4389-8A96-3086290A1C4F}.Release|Any CPU.ActiveCfg = Release|Any CPU
		{CEEBD82D-F27E-4389-8A96-3086290A1C4F}.Release|Any CPU.Build.0 = Release|Any CPU
	EndGlobalSection
	GlobalSection(SolutionProperties) = preSolution
		HideSolutionNode = FALSE
	EndGlobalSection
	GlobalSection(ExtensibilityGlobals) = postSolution
		SolutionGuid = {B7B89130-E043-4B50-862D-DC6CAA372717}
	EndGlobalSection
EndGlobal
